// !$*UTF8*$!
{
	archiveVersion = 1;
	classes = {
	};
	objectVersion = 46;
	objects = {

/* Begin PBXBuildFile section */
		04CB69F6A298E09114ED8645 /* LaunchScreen.storyboard in Sources */ = {isa = PBXBuildFile; fileRef = FBF0A7CA12207F1987D8161C /* LaunchScreen.storyboard */; };
		050F157E55BC1B8E76944DAC /* AppDelegate.m in Sources */ = {isa = PBXBuildFile; fileRef = CD7B57C370884443E679876D /* AppDelegate.m */; };
		05F1D3A8EFB65EAE33703F5F /* SceneDelegate.m in Sources */ = {isa = PBXBuildFile; fileRef = 130DCC1531371B310A0E7A1B /* SceneDelegate.m */; };
		4FF292F48A6CD1A016B76A27 /* Assets.xcassets in Sources */ = {isa = PBXBuildFile; fileRef = 4CF22B4FA41D0CDA062F46E4 /* Assets.xcassets */; };
		5899DA864CDC2411A124B661 /* Foundation.framework in Frameworks */ = {isa = PBXBuildFile; fileRef = CCD3EA2357F599D86583973D /* Foundation.framework */; };
		93CF804B0AA62DEAD0158074 /* main.m in Sources */ = {isa = PBXBuildFile; fileRef = 8A0FA8F3A78B6208E9BC8E91 /* main.m */; };
		ED5A2EAEE773522ABF99547A /* ViewController.m in Sources */ = {isa = PBXBuildFile; fileRef = 7B0359F6204AF32879F465EE /* ViewController.m */; };
		F9B8DE6199688B4E03FE7AF5 /* Main.storyboard in Sources */ = {isa = PBXBuildFile; fileRef = CE13AE7150D4CB9D9F1C4C6B /* Main.storyboard */; };
/* End PBXBuildFile section */

/* Begin PBXFileReference section */
		034BEC47149BDE8DBAB829E5 /* ViewController.h */ = {isa = PBXFileReference; includeInIndex = 1; lastKnownFileType = sourcecode.c.h; path = ViewController.h; sourceTree = "<group>"; };
		130DCC1531371B310A0E7A1B /* SceneDelegate.m */ = {isa = PBXFileReference; includeInIndex = 1; lastKnownFileType = sourcecode.c.objc; path = SceneDelegate.m; sourceTree = "<group>"; };
		237FB3553E9349F6495B8026 /* Info.plist */ = {isa = PBXFileReference; includeInIndex = 1; lastKnownFileType = text.plist.xml; path = Info.plist; sourceTree = "<group>"; };
		4CF22B4FA41D0CDA062F46E4 /* Assets.xcassets */ = {isa = PBXFileReference; includeInIndex = 1; lastKnownFileType = folder.assetcatalog; path = Assets.xcassets; sourceTree = "<group>"; };
		50BEB5B09C8D4FFF9BCE2BB2 /* AppDelegate.h */ = {isa = PBXFileReference; includeInIndex = 1; lastKnownFileType = sourcecode.c.h; path = AppDelegate.h; sourceTree = "<group>"; };
		7B0359F6204AF32879F465EE /* ViewController.m */ = {isa = PBXFileReference; includeInIndex = 1; lastKnownFileType = sourcecode.c.objc; path = ViewController.m; sourceTree = "<group>"; };
		8A0FA8F3A78B6208E9BC8E91 /* main.m */ = {isa = PBXFileReference; includeInIndex = 1; lastKnownFileType = sourcecode.c.objc; path = main.m; sourceTree = "<group>"; };
		8B776E56B220622CDF39612C /* SceneDelegate.h */ = {isa = PBXFileReference; includeInIndex = 1; lastKnownFileType = sourcecode.c.h; path = SceneDelegate.h; sourceTree = "<group>"; };
		8C591AEDD0A243D807C4DB17 /* CCCanvas.Plane.OC.app */ = {isa = PBXFileReference; explicitFileType = wrapper.application; includeInIndex = 0; path = CCCanvas.Plane.OC.app; sourceTree = BUILT_PRODUCTS_DIR; };
		CCD3EA2357F599D86583973D /* Foundation.framework */ = {isa = PBXFileReference; lastKnownFileType = wrapper.framework; name = Foundation.framework; path = Platforms/iPhoneOS.platform/Developer/SDKs/iPhoneOS14.0.sdk/System/Library/Frameworks/Foundation.framework; sourceTree = DEVELOPER_DIR; };
		CD7B57C370884443E679876D /* AppDelegate.m */ = {isa = PBXFileReference; includeInIndex = 1; lastKnownFileType = sourcecode.c.objc; path = AppDelegate.m; sourceTree = "<group>"; };
		CE13AE7150D4CB9D9F1C4C6B /* Main.storyboard */ = {isa = PBXFileReference; includeInIndex = 1; lastKnownFileType = file.storyboard; name = Main.storyboard; path = Base.lproj/Main.storyboard; sourceTree = "<group>"; };
		FBF0A7CA12207F1987D8161C /* LaunchScreen.storyboard */ = {isa = PBXFileReference; includeInIndex = 1; lastKnownFileType = file.storyboard; name = LaunchScreen.storyboard; path = Base.lproj/LaunchScreen.storyboard; sourceTree = "<group>"; };
/* End PBXFileReference section */

/* Begin PBXFrameworksBuildPhase section */
		168A6944A5ECE8421150DA47 /* Frameworks */ = {
			isa = PBXFrameworksBuildPhase;
			buildActionMask = 2147483647;
			files = (
				5899DA864CDC2411A124B661 /* Foundation.framework in Frameworks */,
			);
			runOnlyForDeploymentPostprocessing = 0;
		};
/* End PBXFrameworksBuildPhase section */

/* Begin PBXGroup section */
		1DFEA2D48B670A55718529A4 /* Frameworks */ = {
			isa = PBXGroup;
			children = (
				4039FE1AA8FDB6ECECCBD27C /* iOS */,
			);
			name = Frameworks;
			sourceTree = "<group>";
		};
		4039FE1AA8FDB6ECECCBD27C /* iOS */ = {
			isa = PBXGroup;
			children = (
				CCD3EA2357F599D86583973D /* Foundation.framework */,
			);
			name = iOS;
			sourceTree = "<group>";
		};
		A4A4FEC282208900E5FBDAEE /* CCCanvas.Plane.OC */ = {
			isa = PBXGroup;
			children = (
				50BEB5B09C8D4FFF9BCE2BB2 /* AppDelegate.h */,
				CD7B57C370884443E679876D /* AppDelegate.m */,
				8B776E56B220622CDF39612C /* SceneDelegate.h */,
				130DCC1531371B310A0E7A1B /* SceneDelegate.m */,
				034BEC47149BDE8DBAB829E5 /* ViewController.h */,
				7B0359F6204AF32879F465EE /* ViewController.m */,
				CE13AE7150D4CB9D9F1C4C6B /* Main.storyboard */,
				4CF22B4FA41D0CDA062F46E4 /* Assets.xcassets */,
				FBF0A7CA12207F1987D8161C /* LaunchScreen.storyboard */,
				237FB3553E9349F6495B8026 /* Info.plist */,
				8A0FA8F3A78B6208E9BC8E91 /* main.m */,
			);
			name = CCCanvas.Plane.OC;
			path = CCCanvas.Plane.OC;
			sourceTree = "<group>";
		};
		DA2982BA839EC9C7EA1535CD = {
			isa = PBXGroup;
			children = (
				E4E0467C8FD6DCD7EFACC547 /* Products */,
				1DFEA2D48B670A55718529A4 /* Frameworks */,
				A4A4FEC282208900E5FBDAEE /* CCCanvas.Plane.OC */,
			);
			sourceTree = "<group>";
		};
		E4E0467C8FD6DCD7EFACC547 /* Products */ = {
			isa = PBXGroup;
			children = (
				8C591AEDD0A243D807C4DB17 /* CCCanvas.Plane.OC.app */,
			);
			name = Products;
			sourceTree = "<group>";
		};
/* End PBXGroup section */

/* Begin PBXNativeTarget section */
		5023EF8E43C99AA3EB3DAD15 /* CCCanvas.Plane.OC */ = {
			isa = PBXNativeTarget;
			buildConfigurationList = B530FDEC4647BFE2C03309D8 /* Build configuration list for PBXNativeTarget "CCCanvas.Plane.OC" */;
			buildPhases = (
				D0A17B34B0482245B1224252 /* Sources */,
				168A6944A5ECE8421150DA47 /* Frameworks */,
				791628F736DF333007A9B75D /* Resources */,
			);
			buildRules = (
			);
			dependencies = (
			);
			name = CCCanvas.Plane.OC;
			productName = CCCanvas.Plane.OC;
			productReference = 8C591AEDD0A243D807C4DB17 /* CCCanvas.Plane.OC.app */;
			productType = "com.apple.product-type.application";
		};
/* End PBXNativeTarget section */

/* Begin PBXProject section */
		70E5578DC50AD37876F2EEC2 /* Project object */ = {
			isa = PBXProject;
			attributes = {
				CLASSPREFIX = CC;
				LastSwiftUpdateCheck = 1240;
				LastUpgradeCheck = 1240;
				ORGANIZATIONNAME = "CC (deng you hua | cworld1000@gmail.com)";
			};
			buildConfigurationList = 17F4D064F5583255A5689A84 /* Build configuration list for PBXProject "CCCanvas.Plane.OC" */;
			compatibilityVersion = "Xcode 3.2";
			developmentRegion = en;
			hasScannedForEncodings = 0;
			knownRegions = (
				en,
				Base,
			);
			mainGroup = DA2982BA839EC9C7EA1535CD;
			productRefGroup = E4E0467C8FD6DCD7EFACC547 /* Products */;
			projectDirPath = "";
			projectRoot = "";
			targets = (
				5023EF8E43C99AA3EB3DAD15 /* CCCanvas.Plane.OC */,
			);
		};
/* End PBXProject section */

/* Begin PBXResourcesBuildPhase section */
		791628F736DF333007A9B75D /* Resources */ = {
			isa = PBXResourcesBuildPhase;
			buildActionMask = 2147483647;
			files = (
			);
			runOnlyForDeploymentPostprocessing = 0;
		};
/* End PBXResourcesBuildPhase section */

/* Begin PBXSourcesBuildPhase section */
		D0A17B34B0482245B1224252 /* Sources */ = {
			isa = PBXSourcesBuildPhase;
			buildActionMask = 2147483647;
			files = (
				050F157E55BC1B8E76944DAC /* AppDelegate.m in Sources */,
				05F1D3A8EFB65EAE33703F5F /* SceneDelegate.m in Sources */,
				ED5A2EAEE773522ABF99547A /* ViewController.m in Sources */,
				F9B8DE6199688B4E03FE7AF5 /* Main.storyboard in Sources */,
				4FF292F48A6CD1A016B76A27 /* Assets.xcassets in Sources */,
				04CB69F6A298E09114ED8645 /* LaunchScreen.storyboard in Sources */,
				93CF804B0AA62DEAD0158074 /* main.m in Sources */,
			);
			runOnlyForDeploymentPostprocessing = 0;
		};
/* End PBXSourcesBuildPhase section */

/* Begin XCBuildConfiguration section */
		0671F979A5363382CFEFCFA7 /* Debug */ = {
			isa = XCBuildConfiguration;
			buildSettings = {
				ASSETCATALOG_COMPILER_APPICON_NAME = AppIcon;
				ASSETCATALOG_COMPILER_GLOBAL_ACCENT_COLOR_NAME = AccentColor;
				CLANG_ENABLE_OBJC_WEAK = NO;
				CURRENT_PROJECT_VERSION = 1;
				GENERATE_INFOPLIST_FILE = YES;
				INFOPLIST_FILE = CCCanvas.Plane.OC/Info.plist;
				INFOPLIST_KEY_UILaunchStoryboardName = LaunchScreen;
				INFOPLIST_KEY_UIMainStoryboardFile = Main;
				INFOPLIST_KEY_UISupportedInterfaceOrientations_iPad = "UIInterfaceOrientationPortrait UIInterfaceOrientationPortraitUpsideDown UIInterfaceOrientationLandscapeLeft UIInterfaceOrientationLandscapeRight";
				INFOPLIST_KEY_UISupportedInterfaceOrientations_iPhone = "UIInterfaceOrientationPortrait UIInterfaceOrientationLandscapeLeft UIInterfaceOrientationLandscapeRight";
				IPHONEOS_DEPLOYMENT_TARGET = 10.0;
				LD_RUNPATH_SEARCH_PATHS = "$(inherited) @executable_path/Frameworks";
				MARKETING_VERSION = 1.0;
				PRODUCT_BUNDLE_IDENTIFIER = "com.cc.CCCanvas-Plane.OC";
				SDKROOT = iphoneos;
				TARGETED_DEVICE_FAMILY = "1,2";
			};
			name = Debug;
		};
		0A0E634E1C4DCAEB8CD93A2B /* Release */ = {
			isa = XCBuildConfiguration;
			buildSettings = {
				ASSETCATALOG_COMPILER_APPICON_NAME = AppIcon;
				ASSETCATALOG_COMPILER_GLOBAL_ACCENT_COLOR_NAME = AccentColor;
				CLANG_ENABLE_OBJC_WEAK = NO;
				CURRENT_PROJECT_VERSION = 1;
				GENERATE_INFOPLIST_FILE = YES;
				INFOPLIST_FILE = CCCanvas.Plane.OC/Info.plist;
				INFOPLIST_KEY_UILaunchStoryboardName = LaunchScreen;
				INFOPLIST_KEY_UIMainStoryboardFile = Main;
				INFOPLIST_KEY_UISupportedInterfaceOrientations_iPad = "UIInterfaceOrientationPortrait UIInterfaceOrientationPortraitUpsideDown UIInterfaceOrientationLandscapeLeft UIInterfaceOrientationLandscapeRight";
				INFOPLIST_KEY_UISupportedInterfaceOrientations_iPhone = "UIInterfaceOrientationPortrait UIInterfaceOrientationLandscapeLeft UIInterfaceOrientationLandscapeRight";
				IPHONEOS_DEPLOYMENT_TARGET = 10.0;
				LD_RUNPATH_SEARCH_PATHS = "$(inherited) @executable_path/Frameworks";
				MARKETING_VERSION = 1.0;
				PRODUCT_BUNDLE_IDENTIFIER = "com.cc.CCCanvas-Plane.OC";
				SDKROOT = iphoneos;
				TARGETED_DEVICE_FAMILY = "1,2";
				VALIDATE_PRODUCT = YES;
			};
			name = Release;
		};
		3876186668FFBC7AF7CDABA8 /* Release */ = {
			isa = XCBuildConfiguration;
			buildSettings = {
				ALWAYS_SEARCH_USER_PATHS = NO;
				CLANG_ANALYZER_NONNULL = YES;
				CLANG_ANALYZER_NUMBER_OBJECT_CONVERSION = YES_AGGRESSIVE;
				CLANG_CXX_LANGUAGE_STANDARD = "gnu++14";
				CLANG_CXX_LIBRARY = "libc++";
				CLANG_ENABLE_MODULES = YES;
				CLANG_ENABLE_OBJC_ARC = YES;
				CLANG_ENABLE_OBJC_WEAK = YES;
				CLANG_WARN_BLOCK_CAPTURE_AUTORELEASING = YES;
				CLANG_WARN_BOOL_CONVERSION = YES;
				CLANG_WARN_COMMA = YES;
				CLANG_WARN_CONSTANT_CONVERSION = YES;
				CLANG_WARN_DEPRECATED_OBJC_IMPLEMENTATIONS = YES;
				CLANG_WARN_DIRECT_OBJC_ISA_USAGE = YES_ERROR;
				CLANG_WARN_DOCUMENTATION_COMMENTS = YES;
				CLANG_WARN_EMPTY_BODY = YES;
				CLANG_WARN_ENUM_CONVERSION = YES;
				CLANG_WARN_INFINITE_RECURSION = YES;
				CLANG_WARN_INT_CONVERSION = YES;
				CLANG_WARN_NON_LITERAL_NULL_CONVERSION = YES;
				CLANG_WARN_OBJC_IMPLICIT_RETAIN_SELF = YES;
				CLANG_WARN_OBJC_LITERAL_CONVERSION = YES;
				CLANG_WARN_OBJC_ROOT_CLASS = YES_ERROR;
				CLANG_WARN_QUOTED_INCLUDE_IN_FRAMEWORK_HEADER = YES;
				CLANG_WARN_RANGE_LOOP_ANALYSIS = YES;
				CLANG_WARN_STRICT_PROTOTYPES = YES;
				CLANG_WARN_SUSPICIOUS_MOVE = YES;
				CLANG_WARN_UNGUARDED_AVAILABILITY = YES_AGGRESSIVE;
				CLANG_WARN_UNREACHABLE_CODE = YES;
				CLANG_WARN__DUPLICATE_METHOD_MATCH = YES;
				COPY_PHASE_STRIP = NO;
				DEBUG_INFORMATION_FORMAT = "dwarf-with-dsym";
				ENABLE_NS_ASSERTIONS = NO;
				ENABLE_STRICT_OBJC_MSGSEND = YES;
				GCC_C_LANGUAGE_STANDARD = gnu11;
				GCC_NO_COMMON_BLOCKS = YES;
				GCC_WARN_64_TO_32_BIT_CONVERSION = YES;
				GCC_WARN_ABOUT_RETURN_TYPE = YES_ERROR;
				GCC_WARN_UNDECLARED_SELECTOR = YES;
				GCC_WARN_UNINITIALIZED_AUTOS = YES_AGGRESSIVE;
				GCC_WARN_UNUSED_FUNCTION = YES;
				GCC_WARN_UNUSED_VARIABLE = YES;
				MTL_ENABLE_DEBUG_INFO = NO;
				MTL_FAST_MATH = YES;
				PRODUCT_NAME = "$(TARGET_NAME)";
				SWIFT_COMPILATION_MODE = wholemodule;
				SWIFT_OPTIMIZATION_LEVEL = "-O";
				SWIFT_VERSION = 5.0;
			};
			name = Release;
		};
		AE336D07194D53B652B3E6EC /* Debug */ = {
			isa = XCBuildConfiguration;
			buildSettings = {
				ALWAYS_SEARCH_USER_PATHS = NO;
				CLANG_ANALYZER_NONNULL = YES;
				CLANG_ANALYZER_NUMBER_OBJECT_CONVERSION = YES_AGGRESSIVE;
				CLANG_CXX_LANGUAGE_STANDARD = "gnu++14";
				CLANG_CXX_LIBRARY = "libc++";
				CLANG_ENABLE_MODULES = YES;
				CLANG_ENABLE_OBJC_ARC = YES;
				CLANG_ENABLE_OBJC_WEAK = YES;
				CLANG_WARN_BLOCK_CAPTURE_AUTORELEASING = YES;
				CLANG_WARN_BOOL_CONVERSION = YES;
				CLANG_WARN_COMMA = YES;
				CLANG_WARN_CONSTANT_CONVERSION = YES;
				CLANG_WARN_DEPRECATED_OBJC_IMPLEMENTATIONS = YES;
				CLANG_WARN_DIRECT_OBJC_ISA_USAGE = YES_ERROR;
				CLANG_WARN_DOCUMENTATION_COMMENTS = YES;
				CLANG_WARN_EMPTY_BODY = YES;
				CLANG_WARN_ENUM_CONVERSION = YES;
				CLANG_WARN_INFINITE_RECURSION = YES;
				CLANG_WARN_INT_CONVERSION = YES;
				CLANG_WARN_NON_LITERAL_NULL_CONVERSION = YES;
				CLANG_WARN_OBJC_IMPLICIT_RETAIN_SELF = YES;
				CLANG_WARN_OBJC_LITERAL_CONVERSION = YES;
				CLANG_WARN_OBJC_ROOT_CLASS = YES_ERROR;
				CLANG_WARN_QUOTED_INCLUDE_IN_FRAMEWORK_HEADER = YES;
				CLANG_WARN_RANGE_LOOP_ANALYSIS = YES;
				CLANG_WARN_STRICT_PROTOTYPES = YES;
				CLANG_WARN_SUSPICIOUS_MOVE = YES;
				CLANG_WARN_UNGUARDED_AVAILABILITY = YES_AGGRESSIVE;
				CLANG_WARN_UNREACHABLE_CODE = YES;
				CLANG_WARN__DUPLICATE_METHOD_MATCH = YES;
				COPY_PHASE_STRIP = NO;
				DEBUG_INFORMATION_FORMAT = dwarf;
				ENABLE_STRICT_OBJC_MSGSEND = YES;
				ENABLE_TESTABILITY = YES;
				GCC_C_LANGUAGE_STANDARD = gnu11;
				GCC_DYNAMIC_NO_PIC = NO;
				GCC_NO_COMMON_BLOCKS = YES;
				GCC_OPTIMIZATION_LEVEL = 0;
				GCC_PREPROCESSOR_DEFINITIONS = (
					"DEBUG=1",
					"$(inherited)",
				);
				GCC_WARN_64_TO_32_BIT_CONVERSION = YES;
				GCC_WARN_ABOUT_RETURN_TYPE = YES_ERROR;
				GCC_WARN_UNDECLARED_SELECTOR = YES;
				GCC_WARN_UNINITIALIZED_AUTOS = YES_AGGRESSIVE;
				GCC_WARN_UNUSED_FUNCTION = YES;
				GCC_WARN_UNUSED_VARIABLE = YES;
				MTL_ENABLE_DEBUG_INFO = INCLUDE_SOURCE;
				MTL_FAST_MATH = YES;
				ONLY_ACTIVE_ARCH = YES;
				PRODUCT_NAME = "$(TARGET_NAME)";
				SWIFT_ACTIVE_COMPILATION_CONDITIONS = DEBUG;
				SWIFT_OPTIMIZATION_LEVEL = "-Onone";
				SWIFT_VERSION = 5.0;
			};
			name = Debug;
		};
/* End XCBuildConfiguration section */

/* Begin XCConfigurationList section */
		17F4D064F5583255A5689A84 /* Build configuration list for PBXProject "CCCanvas.Plane.OC" */ = {
			isa = XCConfigurationList;
			buildConfigurations = (
				AE336D07194D53B652B3E6EC /* Debug */,
				3876186668FFBC7AF7CDABA8 /* Release */,
			);
			defaultConfigurationIsVisible = 0;
			defaultConfigurationName = Release;
		};
		B530FDEC4647BFE2C03309D8 /* Build configuration list for PBXNativeTarget "CCCanvas.Plane.OC" */ = {
			isa = XCConfigurationList;
			buildConfigurations = (
				0A0E634E1C4DCAEB8CD93A2B /* Release */,
				0671F979A5363382CFEFCFA7 /* Debug */,
			);
			defaultConfigurationIsVisible = 0;
			defaultConfigurationName = Release;
		};
/* End XCConfigurationList section */
	};
	rootObject = 70E5578DC50AD37876F2EEC2 /* Project object */;
}
